// !$*UTF8*$!
{
	archiveVersion = 1;
	classes = {
	};
	objectVersion = 56;
	objects = {

/* Begin PBXBuildFile section */
		AD7091A82915030200405711 /* AppDelegate.swift in Sources */ = {isa = PBXBuildFile; fileRef = AD7091A72915030200405711 /* AppDelegate.swift */; };
		AD7091AA2915030200405711 /* SceneDelegate.swift in Sources */ = {isa = PBXBuildFile; fileRef = AD7091A92915030200405711 /* SceneDelegate.swift */; };
		AD7091B12915030400405711 /* Assets.xcassets in Resources */ = {isa = PBXBuildFile; fileRef = AD7091B02915030400405711 /* Assets.xcassets */; };
		AD7091B42915030400405711 /* LaunchScreen.storyboard in Resources */ = {isa = PBXBuildFile; fileRef = AD7091B22915030400405711 /* LaunchScreen.storyboard */; };
		AD7091C029150D3400405711 /* MainTableViewController.swift in Sources */ = {isa = PBXBuildFile; fileRef = AD7091BF29150D3400405711 /* MainTableViewController.swift */; };
		AD7091C229150D5500405711 /* MainTablePresenter.swift in Sources */ = {isa = PBXBuildFile; fileRef = AD7091C129150D5500405711 /* MainTablePresenter.swift */; };
		AD7091C429150D9700405711 /* MainTableInputOutputViewProtocols.swift in Sources */ = {isa = PBXBuildFile; fileRef = AD7091C329150D9700405711 /* MainTableInputOutputViewProtocols.swift */; };
		AD7091C82915105400405711 /* MainTableView.swift in Sources */ = {isa = PBXBuildFile; fileRef = AD7091C72915105400405711 /* MainTableView.swift */; };
		AD7091CA2915115100405711 /* CompanyStruct.swift in Sources */ = {isa = PBXBuildFile; fileRef = AD7091C92915115100405711 /* CompanyStruct.swift */; };
		AD7091CE291511F100405711 /* CompanyTableViewCell.swift in Sources */ = {isa = PBXBuildFile; fileRef = AD7091CD291511F100405711 /* CompanyTableViewCell.swift */; };
		AD7091D02915131500405711 /* AvitoService.swift in Sources */ = {isa = PBXBuildFile; fileRef = AD7091CF2915131500405711 /* AvitoService.swift */; };
		AD7091D3291513BE00405711 /* Errors.swift in Sources */ = {isa = PBXBuildFile; fileRef = AD7091D2291513BE00405711 /* Errors.swift */; };
		AD7091D52915558900405711 /* CacheService.swift in Sources */ = {isa = PBXBuildFile; fileRef = AD7091D42915558900405711 /* CacheService.swift */; };
/* End PBXBuildFile section */

/* Begin PBXFileReference section */
		AD7091A42915030200405711 /* avitoIntern.app */ = {isa = PBXFileReference; explicitFileType = wrapper.application; includeInIndex = 0; path = avitoIntern.app; sourceTree = BUILT_PRODUCTS_DIR; };
		AD7091A72915030200405711 /* AppDelegate.swift */ = {isa = PBXFileReference; lastKnownFileType = sourcecode.swift; path = AppDelegate.swift; sourceTree = "<group>"; };
		AD7091A92915030200405711 /* SceneDelegate.swift */ = {isa = PBXFileReference; lastKnownFileType = sourcecode.swift; path = SceneDelegate.swift; sourceTree = "<group>"; };
		AD7091B02915030400405711 /* Assets.xcassets */ = {isa = PBXFileReference; lastKnownFileType = folder.assetcatalog; path = Assets.xcassets; sourceTree = "<group>"; };
		AD7091B32915030400405711 /* Base */ = {isa = PBXFileReference; lastKnownFileType = file.storyboard; name = Base; path = Base.lproj/LaunchScreen.storyboard; sourceTree = "<group>"; };
		AD7091B52915030400405711 /* Info.plist */ = {isa = PBXFileReference; lastKnownFileType = text.plist.xml; path = Info.plist; sourceTree = "<group>"; };
		AD7091BF29150D3400405711 /* MainTableViewController.swift */ = {isa = PBXFileReference; lastKnownFileType = sourcecode.swift; path = MainTableViewController.swift; sourceTree = "<group>"; };
		AD7091C129150D5500405711 /* MainTablePresenter.swift */ = {isa = PBXFileReference; lastKnownFileType = sourcecode.swift; path = MainTablePresenter.swift; sourceTree = "<group>"; };
		AD7091C329150D9700405711 /* MainTableInputOutputViewProtocols.swift */ = {isa = PBXFileReference; lastKnownFileType = sourcecode.swift; path = MainTableInputOutputViewProtocols.swift; sourceTree = "<group>"; };
		AD7091C72915105400405711 /* MainTableView.swift */ = {isa = PBXFileReference; lastKnownFileType = sourcecode.swift; path = MainTableView.swift; sourceTree = "<group>"; };
		AD7091C92915115100405711 /* CompanyStruct.swift */ = {isa = PBXFileReference; lastKnownFileType = sourcecode.swift; path = CompanyStruct.swift; sourceTree = "<group>"; };
		AD7091CD291511F100405711 /* CompanyTableViewCell.swift */ = {isa = PBXFileReference; lastKnownFileType = sourcecode.swift; path = CompanyTableViewCell.swift; sourceTree = "<group>"; };
		AD7091CF2915131500405711 /* AvitoService.swift */ = {isa = PBXFileReference; lastKnownFileType = sourcecode.swift; path = AvitoService.swift; sourceTree = "<group>"; };
		AD7091D2291513BE00405711 /* Errors.swift */ = {isa = PBXFileReference; lastKnownFileType = sourcecode.swift; path = Errors.swift; sourceTree = "<group>"; };
		AD7091D42915558900405711 /* CacheService.swift */ = {isa = PBXFileReference; lastKnownFileType = sourcecode.swift; path = CacheService.swift; sourceTree = "<group>"; };
/* End PBXFileReference section */

/* Begin PBXFrameworksBuildPhase section */
		AD7091A12915030200405711 /* Frameworks */ = {
			isa = PBXFrameworksBuildPhase;
			buildActionMask = 2147483647;
			files = (
			);
			runOnlyForDeploymentPostprocessing = 0;
		};
/* End PBXFrameworksBuildPhase section */

/* Begin PBXGroup section */
		AD70919B2915030200405711 = {
			isa = PBXGroup;
			children = (
				AD7091A62915030200405711 /* avitoIntern */,
				AD7091A52915030200405711 /* Products */,
			);
			sourceTree = "<group>";
		};
		AD7091A52915030200405711 /* Products */ = {
			isa = PBXGroup;
			children = (
				AD7091A42915030200405711 /* avitoIntern.app */,
			);
			name = Products;
			sourceTree = "<group>";
		};
		AD7091A62915030200405711 /* avitoIntern */ = {
			isa = PBXGroup;
			children = (
				AD7091BB29150C7300405711 /* MainTable */,
				AD7091A72915030200405711 /* AppDelegate.swift */,
				AD7091A92915030200405711 /* SceneDelegate.swift */,
				AD7091B02915030400405711 /* Assets.xcassets */,
				AD7091B22915030400405711 /* LaunchScreen.storyboard */,
				AD7091B52915030400405711 /* Info.plist */,
			);
			path = avitoIntern;
			sourceTree = "<group>";
		};
		AD7091BB29150C7300405711 /* MainTable */ = {
			isa = PBXGroup;
			children = (
				AD7091D12915133500405711 /* Helpers */,
				AD7091BE29150CAF00405711 /* Model */,
				AD7091BD29150CA700405711 /* View */,
				AD7091BC29150C8D00405711 /* Presenter */,
			);
			path = MainTable;
			sourceTree = "<group>";
		};
		AD7091BC29150C8D00405711 /* Presenter */ = {
			isa = PBXGroup;
			children = (
				AD7091C129150D5500405711 /* MainTablePresenter.swift */,
			);
			path = Presenter;
			sourceTree = "<group>";
		};
		AD7091BD29150CA700405711 /* View */ = {
			isa = PBXGroup;
			children = (
				AD7091CC291511CC00405711 /* AvitoCell */,
				AD7091CB291511B800405711 /* MainTableView */,
			);
			path = View;
			sourceTree = "<group>";
		};
		AD7091BE29150CAF00405711 /* Model */ = {
			isa = PBXGroup;
			children = (
				AD7091C92915115100405711 /* CompanyStruct.swift */,
				AD7091CF2915131500405711 /* AvitoService.swift */,
				AD7091D42915558900405711 /* CacheService.swift */,
			);
			path = Model;
			sourceTree = "<group>";
		};
		AD7091C52915102100405711 /* Views */ = {
			isa = PBXGroup;
			children = (
				AD7091C72915105400405711 /* MainTableView.swift */,
			);
			path = Views;
			sourceTree = "<group>";
		};
		AD7091C62915102D00405711 /* Controllers */ = {
			isa = PBXGroup;
			children = (
				AD7091C329150D9700405711 /* MainTableInputOutputViewProtocols.swift */,
				AD7091BF29150D3400405711 /* MainTableViewController.swift */,
			);
			path = Controllers;
			sourceTree = "<group>";
		};
		AD7091CB291511B800405711 /* MainTableView */ = {
			isa = PBXGroup;
			children = (
				AD7091C52915102100405711 /* Views */,
				AD7091C62915102D00405711 /* Controllers */,
			);
			path = MainTableView;
			sourceTree = "<group>";
		};
		AD7091CC291511CC00405711 /* AvitoCell */ = {
			isa = PBXGroup;
			children = (
				AD7091CD291511F100405711 /* CompanyTableViewCell.swift */,
			);
			path = AvitoCell;
			sourceTree = "<group>";
		};
		AD7091D12915133500405711 /* Helpers */ = {
			isa = PBXGroup;
			children = (
				AD7091D2291513BE00405711 /* Errors.swift */,
			);
			path = Helpers;
			sourceTree = "<group>";
		};
/* End PBXGroup section */

/* Begin PBXNativeTarget section */
		AD7091A32915030200405711 /* avitoIntern */ = {
			isa = PBXNativeTarget;
			buildConfigurationList = AD7091B82915030400405711 /* Build configuration list for PBXNativeTarget "avitoIntern" */;
			buildPhases = (
				AD7091A02915030200405711 /* Sources */,
				AD7091A12915030200405711 /* Frameworks */,
				AD7091A22915030200405711 /* Resources */,
			);
			buildRules = (
			);
			dependencies = (
			);
			name = avitoIntern;
			productName = avitoIntern;
			productReference = AD7091A42915030200405711 /* avitoIntern.app */;
			productType = "com.apple.product-type.application";
		};
/* End PBXNativeTarget section */

/* Begin PBXProject section */
		AD70919C2915030200405711 /* Project object */ = {
			isa = PBXProject;
			attributes = {
				BuildIndependentTargetsInParallel = 1;
				LastSwiftUpdateCheck = 1400;
				LastUpgradeCheck = 1400;
				TargetAttributes = {
					AD7091A32915030200405711 = {
						CreatedOnToolsVersion = 14.0;
					};
				};
			};
			buildConfigurationList = AD70919F2915030200405711 /* Build configuration list for PBXProject "avitoIntern" */;
			compatibilityVersion = "Xcode 14.0";
			developmentRegion = en;
			hasScannedForEncodings = 0;
			knownRegions = (
				en,
				Base,
			);
			mainGroup = AD70919B2915030200405711;
			productRefGroup = AD7091A52915030200405711 /* Products */;
			projectDirPath = "";
			projectRoot = "";
			targets = (
				AD7091A32915030200405711 /* avitoIntern */,
			);
		};
/* End PBXProject section */

/* Begin PBXResourcesBuildPhase section */
		AD7091A22915030200405711 /* Resources */ = {
			isa = PBXResourcesBuildPhase;
			buildActionMask = 2147483647;
			files = (
				AD7091B42915030400405711 /* LaunchScreen.storyboard in Resources */,
				AD7091B12915030400405711 /* Assets.xcassets in Resources */,
			);
			runOnlyForDeploymentPostprocessing = 0;
		};
/* End PBXResourcesBuildPhase section */

/* Begin PBXSourcesBuildPhase section */
		AD7091A02915030200405711 /* Sources */ = {
			isa = PBXSourcesBuildPhase;
			buildActionMask = 2147483647;
			files = (
				AD7091CA2915115100405711 /* CompanyStruct.swift in Sources */,
				AD7091C82915105400405711 /* MainTableView.swift in Sources */,
				AD7091C229150D5500405711 /* MainTablePresenter.swift in Sources */,
				AD7091A82915030200405711 /* AppDelegate.swift in Sources */,
				AD7091D02915131500405711 /* AvitoService.swift in Sources */,
				AD7091C029150D3400405711 /* MainTableViewController.swift in Sources */,
				AD7091D3291513BE00405711 /* Errors.swift in Sources */,
				AD7091AA2915030200405711 /* SceneDelegate.swift in Sources */,
				AD7091C429150D9700405711 /* MainTableInputOutputViewProtocols.swift in Sources */,
				AD7091CE291511F100405711 /* CompanyTableViewCell.swift in Sources */,
				AD7091D52915558900405711 /* CacheService.swift in Sources */,
			);
			runOnlyForDeploymentPostprocessing = 0;
		};
/* End PBXSourcesBuildPhase section */

/* Begin PBXVariantGroup section */
		AD7091B22915030400405711 /* LaunchScreen.storyboard */ = {
			isa = PBXVariantGroup;
			children = (
				AD7091B32915030400405711 /* Base */,
			);
			name = LaunchScreen.storyboard;
			sourceTree = "<group>";
		};
/* End PBXVariantGroup section */

/* Begin XCBuildConfiguration section */
		AD7091B62915030400405711 /* Debug */ = {
			isa = XCBuildConfiguration;
			buildSettings = {
				ALWAYS_SEARCH_USER_PATHS = NO;
				CLANG_ANALYZER_NONNULL = YES;
				CLANG_ANALYZER_NUMBER_OBJECT_CONVERSION = YES_AGGRESSIVE;
				CLANG_CXX_LANGUAGE_STANDARD = "gnu++20";
				CLANG_ENABLE_MODULES = YES;
				CLANG_ENABLE_OBJC_ARC = YES;
				CLANG_ENABLE_OBJC_WEAK = YES;
				CLANG_WARN_BLOCK_CAPTURE_AUTORELEASING = YES;
				CLANG_WARN_BOOL_CONVERSION = YES;
				CLANG_WARN_COMMA = YES;
				CLANG_WARN_CONSTANT_CONVERSION = YES;
				CLANG_WARN_DEPRECATED_OBJC_IMPLEMENTATIONS = YES;
				CLANG_WARN_DIRECT_OBJC_ISA_USAGE = YES_ERROR;
				CLANG_WARN_DOCUMENTATION_COMMENTS = YES;
				CLANG_WARN_EMPTY_BODY = YES;
				CLANG_WARN_ENUM_CONVERSION = YES;
				CLANG_WARN_INFINITE_RECURSION = YES;
				CLANG_WARN_INT_CONVERSION = YES;
				CLANG_WARN_NON_LITERAL_NULL_CONVERSION = YES;
				CLANG_WARN_OBJC_IMPLICIT_RETAIN_SELF = YES;
				CLANG_WARN_OBJC_LITERAL_CONVERSION = YES;
				CLANG_WARN_OBJC_ROOT_CLASS = YES_ERROR;
				CLANG_WARN_QUOTED_INCLUDE_IN_FRAMEWORK_HEADER = YES;
				CLANG_WARN_RANGE_LOOP_ANALYSIS = YES;
				CLANG_WARN_STRICT_PROTOTYPES = YES;
				CLANG_WARN_SUSPICIOUS_MOVE = YES;
				CLANG_WARN_UNGUARDED_AVAILABILITY = YES_AGGRESSIVE;
				CLANG_WARN_UNREACHABLE_CODE = YES;
				CLANG_WARN__DUPLICATE_METHOD_MATCH = YES;
				COPY_PHASE_STRIP = NO;
				DEBUG_INFORMATION_FORMAT = dwarf;
				ENABLE_STRICT_OBJC_MSGSEND = YES;
				ENABLE_TESTABILITY = YES;
				GCC_C_LANGUAGE_STANDARD = gnu11;
				GCC_DYNAMIC_NO_PIC = NO;
				GCC_NO_COMMON_BLOCKS = YES;
				GCC_OPTIMIZATION_LEVEL = 0;
				GCC_PREPROCESSOR_DEFINITIONS = (
					"DEBUG=1",
					"$(inherited)",
				);
				GCC_WARN_64_TO_32_BIT_CONVERSION = YES;
				GCC_WARN_ABOUT_RETURN_TYPE = YES_ERROR;
				GCC_WARN_UNDECLARED_SELECTOR = YES;
				GCC_WARN_UNINITIALIZED_AUTOS = YES_AGGRESSIVE;
				GCC_WARN_UNUSED_FUNCTION = YES;
				GCC_WARN_UNUSED_VARIABLE = YES;
				IPHONEOS_DEPLOYMENT_TARGET = 16.0;
				MTL_ENABLE_DEBUG_INFO = INCLUDE_SOURCE;
				MTL_FAST_MATH = YES;
				ONLY_ACTIVE_ARCH = YES;
				SDKROOT = iphoneos;
				SWIFT_ACTIVE_COMPILATION_CONDITIONS = DEBUG;
				SWIFT_OPTIMIZATION_LEVEL = "-Onone";
			};
			name = Debug;
		};
		AD7091B72915030400405711 /* Release */ = {
			isa = XCBuildConfiguration;
			buildSettings = {
				ALWAYS_SEARCH_USER_PATHS = NO;
				CLANG_ANALYZER_NONNULL = YES;
				CLANG_ANALYZER_NUMBER_OBJECT_CONVERSION = YES_AGGRESSIVE;
				CLANG_CXX_LANGUAGE_STANDARD = "gnu++20";
				CLANG_ENABLE_MODULES = YES;
				CLANG_ENABLE_OBJC_ARC = YES;
				CLANG_ENABLE_OBJC_WEAK = YES;
				CLANG_WARN_BLOCK_CAPTURE_AUTORELEASING = YES;
				CLANG_WARN_BOOL_CONVERSION = YES;
				CLANG_WARN_COMMA = YES;
				CLANG_WARN_CONSTANT_CONVERSION = YES;
				CLANG_WARN_DEPRECATED_OBJC_IMPLEMENTATIONS = YES;
				CLANG_WARN_DIRECT_OBJC_ISA_USAGE = YES_ERROR;
				CLANG_WARN_DOCUMENTATION_COMMENTS = YES;
				CLANG_WARN_EMPTY_BODY = YES;
				CLANG_WARN_ENUM_CONVERSION = YES;
				CLANG_WARN_INFINITE_RECURSION = YES;
				CLANG_WARN_INT_CONVERSION = YES;
				CLANG_WARN_NON_LITERAL_NULL_CONVERSION = YES;
				CLANG_WARN_OBJC_IMPLICIT_RETAIN_SELF = YES;
				CLANG_WARN_OBJC_LITERAL_CONVERSION = YES;
				CLANG_WARN_OBJC_ROOT_CLASS = YES_ERROR;
				CLANG_WARN_QUOTED_INCLUDE_IN_FRAMEWORK_HEADER = YES;
				CLANG_WARN_RANGE_LOOP_ANALYSIS = YES;
				CLANG_WARN_STRICT_PROTOTYPES = YES;
				CLANG_WARN_SUSPICIOUS_MOVE = YES;
				CLANG_WARN_UNGUARDED_AVAILABILITY = YES_AGGRESSIVE;
				CLANG_WARN_UNREACHABLE_CODE = YES;
				CLANG_WARN__DUPLICATE_METHOD_MATCH = YES;
				COPY_PHASE_STRIP = NO;
				DEBUG_INFORMATION_FORMAT = "dwarf-with-dsym";
				ENABLE_NS_ASSERTIONS = NO;
				ENABLE_STRICT_OBJC_MSGSEND = YES;
				GCC_C_LANGUAGE_STANDARD = gnu11;
				GCC_NO_COMMON_BLOCKS = YES;
				GCC_WARN_64_TO_32_BIT_CONVERSION = YES;
				GCC_WARN_ABOUT_RETURN_TYPE = YES_ERROR;
				GCC_WARN_UNDECLARED_SELECTOR = YES;
				GCC_WARN_UNINITIALIZED_AUTOS = YES_AGGRESSIVE;
				GCC_WARN_UNUSED_FUNCTION = YES;
				GCC_WARN_UNUSED_VARIABLE = YES;
				IPHONEOS_DEPLOYMENT_TARGET = 16.0;
				MTL_ENABLE_DEBUG_INFO = NO;
				MTL_FAST_MATH = YES;
				SDKROOT = iphoneos;
				SWIFT_COMPILATION_MODE = wholemodule;
				SWIFT_OPTIMIZATION_LEVEL = "-O";
				VALIDATE_PRODUCT = YES;
			};
			name = Release;
		};
		AD7091B92915030400405711 /* Debug */ = {
			isa = XCBuildConfiguration;
			buildSettings = {
				ASSETCATALOG_COMPILER_APPICON_NAME = AppIcon;
				ASSETCATALOG_COMPILER_GLOBAL_ACCENT_COLOR_NAME = AccentColor;
				CODE_SIGN_STYLE = Automatic;
				CURRENT_PROJECT_VERSION = 1;
				DEVELOPMENT_TEAM = 8B29PPTYV5;
				GENERATE_INFOPLIST_FILE = YES;
				INFOPLIST_FILE = avitoIntern/Info.plist;
				INFOPLIST_KEY_UIApplicationSupportsIndirectInputEvents = YES;
				INFOPLIST_KEY_UILaunchStoryboardName = LaunchScreen;
				INFOPLIST_KEY_UISupportedInterfaceOrientations_iPad = "UIInterfaceOrientationPortrait UIInterfaceOrientationPortraitUpsideDown UIInterfaceOrientationLandscapeLeft UIInterfaceOrientationLandscapeRight";
				INFOPLIST_KEY_UISupportedInterfaceOrientations_iPhone = "UIInterfaceOrientationPortrait UIInterfaceOrientationLandscapeLeft UIInterfaceOrientationLandscapeRight";
				LD_RUNPATH_SEARCH_PATHS = (
					"$(inherited)",
					"@executable_path/Frameworks",
				);
				MARKETING_VERSION = 1.0;
				PRODUCT_BUNDLE_IDENTIFIER = com.myorganization.avitoIntern;
				PRODUCT_NAME = "$(TARGET_NAME)";
				SWIFT_EMIT_LOC_STRINGS = YES;
				SWIFT_VERSION = 5.0;
				TARGETED_DEVICE_FAMILY = "1,2";
			};
			name = Debug;
		};
		AD7091BA2915030400405711 /* Release */ = {
			isa = XCBuildConfiguration;
			buildSettings = {
				ASSETCATALOG_COMPILER_APPICON_NAME = AppIcon;
				ASSETCATALOG_COMPILER_GLOBAL_ACCENT_COLOR_NAME = AccentColor;
				CODE_SIGN_STYLE = Automatic;
				CURRENT_PROJECT_VERSION = 1;
				DEVELOPMENT_TEAM = 8B29PPTYV5;
				GENERATE_INFOPLIST_FILE = YES;
				INFOPLIST_FILE = avitoIntern/Info.plist;
				INFOPLIST_KEY_UIApplicationSupportsIndirectInputEvents = YES;
				INFOPLIST_KEY_UILaunchStoryboardName = LaunchScreen;
				INFOPLIST_KEY_UISupportedInterfaceOrientations_iPad = "UIInterfaceOrientationPortrait UIInterfaceOrientationPortraitUpsideDown UIInterfaceOrientationLandscapeLeft UIInterfaceOrientationLandscapeRight";
				INFOPLIST_KEY_UISupportedInterfaceOrientations_iPhone = "UIInterfaceOrientationPortrait UIInterfaceOrientationLandscapeLeft UIInterfaceOrientationLandscapeRight";
				LD_RUNPATH_SEARCH_PATHS = (
					"$(inherited)",
					"@executable_path/Frameworks",
				);
				MARKETING_VERSION = 1.0;
				PRODUCT_BUNDLE_IDENTIFIER = com.myorganization.avitoIntern;
				PRODUCT_NAME = "$(TARGET_NAME)";
				SWIFT_EMIT_LOC_STRINGS = YES;
				SWIFT_VERSION = 5.0;
				TARGETED_DEVICE_FAMILY = "1,2";
			};
			name = Release;
		};
/* End XCBuildConfiguration section */

/* Begin XCConfigurationList section */
		AD70919F2915030200405711 /* Build configuration list for PBXProject "avitoIntern" */ = {
			isa = XCConfigurationList;
			buildConfigurations = (
				AD7091B62915030400405711 /* Debug */,
				AD7091B72915030400405711 /* Release */,
			);
			defaultConfigurationIsVisible = 0;
			defaultConfigurationName = Release;
		};
		AD7091B82915030400405711 /* Build configuration list for PBXNativeTarget "avitoIntern" */ = {
			isa = XCConfigurationList;
			buildConfigurations = (
				AD7091B92915030400405711 /* Debug */,
				AD7091BA2915030400405711 /* Release */,
			);
			defaultConfigurationIsVisible = 0;
			defaultConfigurationName = Release;
		};
/* End XCConfigurationList section */
	};
	rootObject = AD70919C2915030200405711 /* Project object */;
}
